
Microsoft Visual Studio Solution File, Format Version 12.00
# Visual Studio Version 17
VisualStudioVersion = 17.1.32210.238
MinimumVisualStudioVersion = 10.0.40219.1
Project("{2150E333-8FDC-42A3-9474-1A3956D46DE8}") = "04", "04", "{FA6AE143-B927-4EF2-9F88-2CE1D6524FB6}"
EndProject
Project("{9A19103F-16F7-4668-BE54-9A1E7A4F7556}") = "Ex04_01", "04\Ex04_01\Ex04_01.csproj", "{ACB3ABC5-62DD-47B9-8BFA-F87B00A7075A}"
EndProject
Project("{9A19103F-16F7-4668-BE54-9A1E7A4F7556}") = "Ex04_02", "04\Ex04_02\Ex04_02.csproj", "{290F66E8-9E2D-4BB0-843E-0E156F508D13}"
EndProject
Project("{2150E333-8FDC-42A3-9474-1A3956D46DE8}") = "05", "05", "{2194276B-D7CF-468A-8064-A35890765C95}"
EndProject
Project("{9A19103F-16F7-4668-BE54-9A1E7A4F7556}") = "Ex05_01", "05\Ex05_01\Ex05_01.csproj", "{3734DADA-4309-4630-9170-7A9745176B33}"
EndProject
Project("{9A19103F-16F7-4668-BE54-9A1E7A4F7556}") = "Ex05_02", "05\Ex05_02\Ex05_02.csproj", "{AFD4C461-09EF-4A1E-9871-ED5C8E56DC69}"
EndProject
Project("{9A19103F-16F7-4668-BE54-9A1E7A4F7556}") = "Ex05_03", "05\Ex05_03\Ex05_03.csproj", "{E224190A-0A70-42A5-9F94-CBBBCC45B438}"
EndProject
Project("{2150E333-8FDC-42A3-9474-1A3956D46DE8}") = "07", "07", "{46D813A7-D86C-4FF9-97BD-8B2C6B3AAF83}"
EndProject
Project("{FAE04EC0-301F-11D3-BF4B-00C04F79EFBC}") = "Ex07_01", "07\Ex07_01\Ex07_01.csproj", "{5E90D8A4-4C1A-4023-AE54-1F6E5BC8D811}"
EndProject
Global
	GlobalSection(SolutionConfigurationPlatforms) = preSolution
		Debug|Any CPU = Debug|Any CPU
		Release|Any CPU = Release|Any CPU
	EndGlobalSection
	GlobalSection(ProjectConfigurationPlatforms) = postSolution
		{ACB3ABC5-62DD-47B9-8BFA-F87B00A7075A}.Debug|Any CPU.ActiveCfg = Debug|Any CPU
		{ACB3ABC5-62DD-47B9-8BFA-F87B00A7075A}.Debug|Any CPU.Build.0 = Debug|Any CPU
		{ACB3ABC5-62DD-47B9-8BFA-F87B00A7075A}.Release|Any CPU.ActiveCfg = Release|Any CPU
		{ACB3ABC5-62DD-47B9-8BFA-F87B00A7075A}.Release|Any CPU.Build.0 = Release|Any CPU
		{290F66E8-9E2D-4BB0-843E-0E156F508D13}.Debug|Any CPU.ActiveCfg = Debug|Any CPU
		{290F66E8-9E2D-4BB0-843E-0E156F508D13}.Debug|Any CPU.Build.0 = Debug|Any CPU
		{290F66E8-9E2D-4BB0-843E-0E156F508D13}.Release|Any CPU.ActiveCfg = Release|Any CPU
		{290F66E8-9E2D-4BB0-843E-0E156F508D13}.Release|Any CPU.Build.0 = Release|Any CPU
		{3734DADA-4309-4630-9170-7A9745176B33}.Debug|Any CPU.ActiveCfg = Debug|Any CPU
		{3734DADA-4309-4630-9170-7A9745176B33}.Debug|Any CPU.Build.0 = Debug|Any CPU
		{3734DADA-4309-4630-9170-7A9745176B33}.Release|Any CPU.ActiveCfg = Release|Any CPU
		{3734DADA-4309-4630-9170-7A9745176B33}.Release|Any CPU.Build.0 = Release|Any CPU
		{AFD4C461-09EF-4A1E-9871-ED5C8E56DC69}.Debug|Any CPU.ActiveCfg = Debug|Any CPU
		{AFD4C461-09EF-4A1E-9871-ED5C8E56DC69}.Debug|Any CPU.Build.0 = Debug|Any CPU
		{AFD4C461-09EF-4A1E-9871-ED5C8E56DC69}.Release|Any CPU.ActiveCfg = Release|Any CPU
		{AFD4C461-09EF-4A1E-9871-ED5C8E56DC69}.Release|Any CPU.Build.0 = Release|Any CPU
		{E224190A-0A70-42A5-9F94-CBBBCC45B438}.Debug|Any CPU.ActiveCfg = Debug|Any CPU
		{E224190A-0A70-42A5-9F94-CBBBCC45B438}.Debug|Any CPU.Build.0 = Debug|Any CPU
		{E224190A-0A70-42A5-9F94-CBBBCC45B438}.Release|Any CPU.ActiveCfg = Release|Any CPU
		{E224190A-0A70-42A5-9F94-CBBBCC45B438}.Release|Any CPU.Build.0 = Release|Any CPU
		{5E90D8A4-4C1A-4023-AE54-1F6E5BC8D811}.Debug|Any CPU.ActiveCfg = Debug|Any CPU
		{5E90D8A4-4C1A-4023-AE54-1F6E5BC8D811}.Debug|Any CPU.Build.0 = Debug|Any CPU
		{5E90D8A4-4C1A-4023-AE54-1F6E5BC8D811}.Release|Any CPU.ActiveCfg = Release|Any CPU
		{5E90D8A4-4C1A-4023-AE54-1F6E5BC8D811}.Release|Any CPU.Build.0 = Release|Any CPU
	EndGlobalSection
	GlobalSection(SolutionProperties) = preSolution
		HideSolutionNode = FALSE
	EndGlobalSection
	GlobalSection(NestedProjects) = preSolution
		{ACB3ABC5-62DD-47B9-8BFA-F87B00A7075A} = {FA6AE143-B927-4EF2-9F88-2CE1D6524FB6}
		{290F66E8-9E2D-4BB0-843E-0E156F508D13} = {FA6AE143-B927-4EF2-9F88-2CE1D6524FB6}
		{3734DADA-4309-4630-9170-7A9745176B33} = {2194276B-D7CF-468A-8064-A35890765C95}
		{AFD4C461-09EF-4A1E-9871-ED5C8E56DC69} = {2194276B-D7CF-468A-8064-A35890765C95}
		{E224190A-0A70-42A5-9F94-CBBBCC45B438} = {2194276B-D7CF-468A-8064-A35890765C95}
		{5E90D8A4-4C1A-4023-AE54-1F6E5BC8D811} = {46D813A7-D86C-4FF9-97BD-8B2C6B3AAF83}
	EndGlobalSection
	GlobalSection(ExtensibilityGlobals) = postSolution
		SolutionGuid = {A0A3E511-DB2B-4164-8C37-355E3959CECF}
	EndGlobalSection
EndGlobal
