
Microsoft Visual Studio Solution File, Format Version 12.00
# Visual Studio Version 17
VisualStudioVersion = 17.1.32210.238
MinimumVisualStudioVersion = 10.0.40219.1
Project("{2150E333-8FDC-42A3-9474-1A3956D46DE8}") = "04", "04", "{1E922897-0BAE-4891-A2A4-C6F91D7A4C3A}"
EndProject
Project("{2150E333-8FDC-42A3-9474-1A3956D46DE8}") = "05", "05", "{F7BEDC4A-AE48-4123-87CB-387388F976D9}"
	ProjectSection(SolutionItems) = preProject
		05\.editorconfig = 05\.editorconfig
	EndProjectSection
EndProject
Project("{9A19103F-16F7-4668-BE54-9A1E7A4F7556}") = "FirstConsoleApp", "04\FirstConsoleApp\FirstConsoleApp.csproj", "{2B6E076E-A595-45E3-BBE5-E9CD99CE5653}"
EndProject
Project("{9A19103F-16F7-4668-BE54-9A1E7A4F7556}") = "FirstWebApplication", "04\FirstWebApplication\FirstWebApplication.csproj", "{C17A9128-8422-4363-A2A7-AEE379DC8C3B}"
EndProject
Project("{9A19103F-16F7-4668-BE54-9A1E7A4F7556}") = "SetAndShowVariables", "05\SetAndShowVariables\SetAndShowVariables.csproj", "{E604D818-E4D6-4944-AE8F-F5CB4FD4E7F9}"
EndProject
Project("{9A19103F-16F7-4668-BE54-9A1E7A4F7556}") = "ReadInputData", "05\ReadInputData\ReadInputData.csproj", "{CEA42B43-DC80-44E7-87EA-9F3F7DBC5788}"
EndProject
Project("{9A19103F-16F7-4668-BE54-9A1E7A4F7556}") = "DefineConstants", "05\DefineConstants\DefineConstants.csproj", "{F7EF6663-DB16-4076-900B-0842369FBE5F}"
EndProject
Project("{9A19103F-16F7-4668-BE54-9A1E7A4F7556}") = "ReferenceTypeAndNull", "05\ReferenceTypeAndNull\ReferenceTypeAndNull.csproj", "{B6A8A6B4-E3F5-4A88-9F4F-C8A79420590D}"
EndProject
Project("{9A19103F-16F7-4668-BE54-9A1E7A4F7556}") = "BuildInTypes", "05\BuildInTypes\BuildInTypes.csproj", "{B1357C12-E691-4FBC-9438-A4D738DD8614}"
EndProject
Project("{9A19103F-16F7-4668-BE54-9A1E7A4F7556}") = "VarKeyword", "05\VarKeyword\VarKeyword.csproj", "{BE646BA0-6630-4F46-98F1-A37D2E847B12}"
EndProject
Project("{9A19103F-16F7-4668-BE54-9A1E7A4F7556}") = "NullableValueType", "05\NullableValueType\NullableValueType.csproj", "{E6B13D65-3314-48CF-B4AA-4B9D21AC0DB9}"
EndProject
Project("{9A19103F-16F7-4668-BE54-9A1E7A4F7556}") = "CastAndTypeConvert", "05\CastAndTypeConvert\CastAndTypeConvert.csproj", "{4EE0B5D0-6EE8-4DA1-B470-F30400A22612}"
EndProject
Project("{9A19103F-16F7-4668-BE54-9A1E7A4F7556}") = "ConvertToString", "05\ConvertToString\ConvertToString.csproj", "{0A2D708B-7C89-411E-AAC3-B2013B23D960}"
EndProject
Project("{2150E333-8FDC-42A3-9474-1A3956D46DE8}") = "ソリューション項目", "ソリューション項目", "{D627786C-B524-4ECC-84FB-6120F7255844}"
	ProjectSection(SolutionItems) = preProject
		Directory.Build.props = Directory.Build.props
		README.md = README.md
	EndProjectSection
EndProject
Project("{2150E333-8FDC-42A3-9474-1A3956D46DE8}") = "06", "06", "{911215E2-F018-4D88-9D1C-DA494AC40E6A}"
EndProject
Project("{FAE04EC0-301F-11D3-BF4B-00C04F79EFBC}") = "Debugger", "06\Debugger\Debugger.csproj", "{4D4A8CCE-C7EE-42C7-A6AC-EDC1C3D5F4B4}"
EndProject
Global
	GlobalSection(SolutionConfigurationPlatforms) = preSolution
		Debug|Any CPU = Debug|Any CPU
		Release|Any CPU = Release|Any CPU
	EndGlobalSection
	GlobalSection(ProjectConfigurationPlatforms) = postSolution
		{2B6E076E-A595-45E3-BBE5-E9CD99CE5653}.Debug|Any CPU.ActiveCfg = Debug|Any CPU
		{2B6E076E-A595-45E3-BBE5-E9CD99CE5653}.Debug|Any CPU.Build.0 = Debug|Any CPU
		{2B6E076E-A595-45E3-BBE5-E9CD99CE5653}.Release|Any CPU.ActiveCfg = Release|Any CPU
		{2B6E076E-A595-45E3-BBE5-E9CD99CE5653}.Release|Any CPU.Build.0 = Release|Any CPU
		{C17A9128-8422-4363-A2A7-AEE379DC8C3B}.Debug|Any CPU.ActiveCfg = Debug|Any CPU
		{C17A9128-8422-4363-A2A7-AEE379DC8C3B}.Debug|Any CPU.Build.0 = Debug|Any CPU
		{C17A9128-8422-4363-A2A7-AEE379DC8C3B}.Release|Any CPU.ActiveCfg = Release|Any CPU
		{C17A9128-8422-4363-A2A7-AEE379DC8C3B}.Release|Any CPU.Build.0 = Release|Any CPU
		{E604D818-E4D6-4944-AE8F-F5CB4FD4E7F9}.Debug|Any CPU.ActiveCfg = Debug|Any CPU
		{E604D818-E4D6-4944-AE8F-F5CB4FD4E7F9}.Debug|Any CPU.Build.0 = Debug|Any CPU
		{E604D818-E4D6-4944-AE8F-F5CB4FD4E7F9}.Release|Any CPU.ActiveCfg = Release|Any CPU
		{E604D818-E4D6-4944-AE8F-F5CB4FD4E7F9}.Release|Any CPU.Build.0 = Release|Any CPU
		{CEA42B43-DC80-44E7-87EA-9F3F7DBC5788}.Debug|Any CPU.ActiveCfg = Debug|Any CPU
		{CEA42B43-DC80-44E7-87EA-9F3F7DBC5788}.Debug|Any CPU.Build.0 = Debug|Any CPU
		{CEA42B43-DC80-44E7-87EA-9F3F7DBC5788}.Release|Any CPU.ActiveCfg = Release|Any CPU
		{CEA42B43-DC80-44E7-87EA-9F3F7DBC5788}.Release|Any CPU.Build.0 = Release|Any CPU
		{F7EF6663-DB16-4076-900B-0842369FBE5F}.Debug|Any CPU.ActiveCfg = Debug|Any CPU
		{F7EF6663-DB16-4076-900B-0842369FBE5F}.Debug|Any CPU.Build.0 = Debug|Any CPU
		{F7EF6663-DB16-4076-900B-0842369FBE5F}.Release|Any CPU.ActiveCfg = Release|Any CPU
		{F7EF6663-DB16-4076-900B-0842369FBE5F}.Release|Any CPU.Build.0 = Release|Any CPU
		{B6A8A6B4-E3F5-4A88-9F4F-C8A79420590D}.Debug|Any CPU.ActiveCfg = Debug|Any CPU
		{B6A8A6B4-E3F5-4A88-9F4F-C8A79420590D}.Debug|Any CPU.Build.0 = Debug|Any CPU
		{B6A8A6B4-E3F5-4A88-9F4F-C8A79420590D}.Release|Any CPU.ActiveCfg = Release|Any CPU
		{B6A8A6B4-E3F5-4A88-9F4F-C8A79420590D}.Release|Any CPU.Build.0 = Release|Any CPU
		{B1357C12-E691-4FBC-9438-A4D738DD8614}.Debug|Any CPU.ActiveCfg = Debug|Any CPU
		{B1357C12-E691-4FBC-9438-A4D738DD8614}.Debug|Any CPU.Build.0 = Debug|Any CPU
		{B1357C12-E691-4FBC-9438-A4D738DD8614}.Release|Any CPU.ActiveCfg = Release|Any CPU
		{B1357C12-E691-4FBC-9438-A4D738DD8614}.Release|Any CPU.Build.0 = Release|Any CPU
		{BE646BA0-6630-4F46-98F1-A37D2E847B12}.Debug|Any CPU.ActiveCfg = Debug|Any CPU
		{BE646BA0-6630-4F46-98F1-A37D2E847B12}.Debug|Any CPU.Build.0 = Debug|Any CPU
		{BE646BA0-6630-4F46-98F1-A37D2E847B12}.Release|Any CPU.ActiveCfg = Release|Any CPU
		{BE646BA0-6630-4F46-98F1-A37D2E847B12}.Release|Any CPU.Build.0 = Release|Any CPU
		{E6B13D65-3314-48CF-B4AA-4B9D21AC0DB9}.Debug|Any CPU.ActiveCfg = Debug|Any CPU
		{E6B13D65-3314-48CF-B4AA-4B9D21AC0DB9}.Debug|Any CPU.Build.0 = Debug|Any CPU
		{E6B13D65-3314-48CF-B4AA-4B9D21AC0DB9}.Release|Any CPU.ActiveCfg = Release|Any CPU
		{E6B13D65-3314-48CF-B4AA-4B9D21AC0DB9}.Release|Any CPU.Build.0 = Release|Any CPU
		{4EE0B5D0-6EE8-4DA1-B470-F30400A22612}.Debug|Any CPU.ActiveCfg = Debug|Any CPU
		{4EE0B5D0-6EE8-4DA1-B470-F30400A22612}.Debug|Any CPU.Build.0 = Debug|Any CPU
		{4EE0B5D0-6EE8-4DA1-B470-F30400A22612}.Release|Any CPU.ActiveCfg = Release|Any CPU
		{4EE0B5D0-6EE8-4DA1-B470-F30400A22612}.Release|Any CPU.Build.0 = Release|Any CPU
		{0A2D708B-7C89-411E-AAC3-B2013B23D960}.Debug|Any CPU.ActiveCfg = Debug|Any CPU
		{0A2D708B-7C89-411E-AAC3-B2013B23D960}.Debug|Any CPU.Build.0 = Debug|Any CPU
		{0A2D708B-7C89-411E-AAC3-B2013B23D960}.Release|Any CPU.ActiveCfg = Release|Any CPU
		{0A2D708B-7C89-411E-AAC3-B2013B23D960}.Release|Any CPU.Build.0 = Release|Any CPU
		{4D4A8CCE-C7EE-42C7-A6AC-EDC1C3D5F4B4}.Debug|Any CPU.ActiveCfg = Debug|Any CPU
		{4D4A8CCE-C7EE-42C7-A6AC-EDC1C3D5F4B4}.Debug|Any CPU.Build.0 = Debug|Any CPU
		{4D4A8CCE-C7EE-42C7-A6AC-EDC1C3D5F4B4}.Release|Any CPU.ActiveCfg = Release|Any CPU
		{4D4A8CCE-C7EE-42C7-A6AC-EDC1C3D5F4B4}.Release|Any CPU.Build.0 = Release|Any CPU
	EndGlobalSection
	GlobalSection(SolutionProperties) = preSolution
		HideSolutionNode = FALSE
	EndGlobalSection
	GlobalSection(NestedProjects) = preSolution
		{2B6E076E-A595-45E3-BBE5-E9CD99CE5653} = {1E922897-0BAE-4891-A2A4-C6F91D7A4C3A}
		{C17A9128-8422-4363-A2A7-AEE379DC8C3B} = {1E922897-0BAE-4891-A2A4-C6F91D7A4C3A}
		{E604D818-E4D6-4944-AE8F-F5CB4FD4E7F9} = {F7BEDC4A-AE48-4123-87CB-387388F976D9}
		{CEA42B43-DC80-44E7-87EA-9F3F7DBC5788} = {F7BEDC4A-AE48-4123-87CB-387388F976D9}
		{F7EF6663-DB16-4076-900B-0842369FBE5F} = {F7BEDC4A-AE48-4123-87CB-387388F976D9}
		{B6A8A6B4-E3F5-4A88-9F4F-C8A79420590D} = {F7BEDC4A-AE48-4123-87CB-387388F976D9}
		{B1357C12-E691-4FBC-9438-A4D738DD8614} = {F7BEDC4A-AE48-4123-87CB-387388F976D9}
		{BE646BA0-6630-4F46-98F1-A37D2E847B12} = {F7BEDC4A-AE48-4123-87CB-387388F976D9}
		{E6B13D65-3314-48CF-B4AA-4B9D21AC0DB9} = {F7BEDC4A-AE48-4123-87CB-387388F976D9}
		{4EE0B5D0-6EE8-4DA1-B470-F30400A22612} = {F7BEDC4A-AE48-4123-87CB-387388F976D9}
		{0A2D708B-7C89-411E-AAC3-B2013B23D960} = {F7BEDC4A-AE48-4123-87CB-387388F976D9}
		{4D4A8CCE-C7EE-42C7-A6AC-EDC1C3D5F4B4} = {911215E2-F018-4D88-9D1C-DA494AC40E6A}
	EndGlobalSection
	GlobalSection(ExtensibilityGlobals) = postSolution
		SolutionGuid = {1BD9C9E1-0986-449E-BBE6-C61D43F66AD6}
	EndGlobalSection
EndGlobal
